{
    "_readme": [
        "This file locks the dependencies of your project to a known state",
        "Read more about it at http://getcomposer.org/doc/01-basic-usage.md#composer-lock-the-lock-file",
        "This file is @generated automatically"
    ],
    "hash": "82f0a0118fbda1145defe95d0b4c8085",
    "packages": [
        {
            "name": "codeigniter/hmvc_xajax_ci",
            "version": "dev-master",
            "source": {
                "type": "git",
                "url": "https://github.com/kristdev/hmvc_xajax_ci.git",
                "reference": "f4be88b47647499019453fb9c10b78ce502a137c"
            },
            "dist": {
                "type": "zip",
                "url": "https://api.github.com/repos/kristdev/hmvc_xajax_ci/zipball/f4be88b47647499019453fb9c10b78ce502a137c",
                "reference": "f4be88b47647499019453fb9c10b78ce502a137c",
                "shasum": ""
            },
            "require": {
                "php": ">=5.3.0"
            },
            "type": "library",
            "autoload": {
                "psr-0": {
                    "codeigniter": "src/"
                }
            },
            "notification-url": "https://packagist.org/downloads/",
            "license": [
                "Apache License"
            ],
            "authors": [
                {
                    "name": "kristdev",
                    "email": "info@kristdev.com"
                }
            ],
            "description": "Codeigniter 2.1.4 coupled with xajax in HMVC",
            "time": "2014-06-04 08:30:57"
        },
        {
            "name": "ghunti/highcharts-php",
            "version": "dev-master",
            "source": {
                "type": "git",
                "url": "https://github.com/ghunti/HighchartsPHP.git",
                "reference": "c0e824a129af03666042d0084064288d55492af9"
            },
            "dist": {
                "type": "zip",
                "url": "https://api.github.com/repos/ghunti/HighchartsPHP/zipball/c0e824a129af03666042d0084064288d55492af9",
                "reference": "c0e824a129af03666042d0084064288d55492af9",
                "shasum": ""
            },
            "require": {
                "php": ">=5.3.0"
            },
            "type": "library",
            "autoload": {
                "psr-4": {
                    "Ghunti\\HighchartsPHP\\": "src/"
                }
            },
            "notification-url": "https://packagist.org/downloads/",
            "license": [
                "GPL-3.0"
            ],
            "authors": [
                {
                    "name": "Gonçalo Queirós",
                    "email": "mail@goncaloqueiros.net",
                    "homepage": "http://goncaloqueiros.net",
                    "role": "Developer"
                }
            ],
            "description": "A php wrapper for highcharts and highstock javascript libraries",
            "homepage": "http://goncaloqueiros.net/highcharts.php",
            "keywords": [
                "charts",
                "highcharts",
                "highstock",
                "javascript",
                "php"
            ],
            "time": "2014-05-28 22:52:43"
        },
        {
            "name": "phpmailer/phpmailer",
            "version": "dev-master",
            "source": {
                "type": "git",
                "url": "https://github.com/PHPMailer/PHPMailer.git",
                "reference": "022382c9bf970409dae5c3e7d248b38e2e2f9b74"
            },
            "dist": {
                "type": "zip",
                "url": "https://api.github.com/repos/PHPMailer/PHPMailer/zipball/022382c9bf970409dae5c3e7d248b38e2e2f9b74",
                "reference": "022382c9bf970409dae5c3e7d248b38e2e2f9b74",
                "shasum": ""
            },
            "require": {
                "php": ">=5.0.0"
            },
            "require-dev": {
                "phpdocumentor/phpdocumentor": "*",
                "phpunit/phpunit": "4.1.*"
            },
            "type": "library",
            "autoload": {
                "classmap": [
                    "class.phpmailer.php",
                    "class.pop3.php",
                    "class.smtp.php"
                ]
            },
            "notification-url": "https://packagist.org/downloads/",
            "license": [
                "LGPL-2.1"
            ],
            "authors": [
                {
                    "name": "Jim Jagielski",
                    "email": "jimjag@gmail.com"
                },
                {
                    "name": "Marcus Bointon",
                    "email": "phpmailer@synchromedia.co.uk"
                },
                {
                    "name": "Andy Prevost",
                    "email": "codeworxtech@users.sourceforge.net"
                },
                {
                    "name": "Brent R. Matzelle"
                }
            ],
            "description": "PHPMailer is a full-featured email creation and transfer class for PHP",
            "time": "2014-06-13 09:18:30"
        }
    ],
    "packages-dev": [

    ],
    "aliases": [

    ],
    "minimum-stability": "stable",
    "stability-flags": {
        "codeigniter/hmvc_xajax_ci": 20,
        "phpmailer/phpmailer": 20,
        "ghunti/highcharts-php": 20
    },
    "platform": [

    ],
    "platform-dev": [

    ]
}
